// !$*UTF8*$!
{
	archiveVersion = 1;
	classes = {
	};
	objectVersion = 50;
	objects = {

/* Begin PBXBuildFile section */
		04066C8825D3D94F00FA5E64 /* recipeApp.swift in Sources */ = {isa = PBXBuildFile; fileRef = 04066C8725D3D94F00FA5E64 /* recipeApp.swift */; };
		04066C8A25D3D94F00FA5E64 /* ContentView.swift in Sources */ = {isa = PBXBuildFile; fileRef = 04066C8925D3D94F00FA5E64 /* ContentView.swift */; };
		04066C8C25D3D95000FA5E64 /* Assets.xcassets in Resources */ = {isa = PBXBuildFile; fileRef = 04066C8B25D3D95000FA5E64 /* Assets.xcassets */; };
		04066C8F25D3D95000FA5E64 /* Preview Assets.xcassets in Resources */ = {isa = PBXBuildFile; fileRef = 04066C8E25D3D95000FA5E64 /* Preview Assets.xcassets */; };
		04066C9A25D3D95000FA5E64 /* recipeTests.swift in Sources */ = {isa = PBXBuildFile; fileRef = 04066C9925D3D95000FA5E64 /* recipeTests.swift */; };
		04066CA525D3D95000FA5E64 /* recipeUITests.swift in Sources */ = {isa = PBXBuildFile; fileRef = 04066CA425D3D95000FA5E64 /* recipeUITests.swift */; };
/* End PBXBuildFile section */

/* Begin PBXContainerItemProxy section */
		04066C9625D3D95000FA5E64 /* PBXContainerItemProxy */ = {
			isa = PBXContainerItemProxy;
			containerPortal = 04066C7C25D3D94F00FA5E64 /* Project object */;
			proxyType = 1;
			remoteGlobalIDString = 04066C8325D3D94F00FA5E64;
			remoteInfo = recipe;
		};
		04066CA125D3D95000FA5E64 /* PBXContainerItemProxy */ = {
			isa = PBXContainerItemProxy;
			containerPortal = 04066C7C25D3D94F00FA5E64 /* Project object */;
			proxyType = 1;
			remoteGlobalIDString = 04066C8325D3D94F00FA5E64;
			remoteInfo = recipe;
		};
/* End PBXContainerItemProxy section */

/* Begin PBXFileReference section */
		04066C8425D3D94F00FA5E64 /* recipe.app */ = {isa = PBXFileReference; explicitFileType = wrapper.application; includeInIndex = 0; path = recipe.app; sourceTree = BUILT_PRODUCTS_DIR; };
		04066C8725D3D94F00FA5E64 /* recipeApp.swift */ = {isa = PBXFileReference; lastKnownFileType = sourcecode.swift; path = recipeApp.swift; sourceTree = "<group>"; };
		04066C8925D3D94F00FA5E64 /* ContentView.swift */ = {isa = PBXFileReference; lastKnownFileType = sourcecode.swift; path = ContentView.swift; sourceTree = "<group>"; };
		04066C8B25D3D95000FA5E64 /* Assets.xcassets */ = {isa = PBXFileReference; lastKnownFileType = folder.assetcatalog; path = Assets.xcassets; sourceTree = "<group>"; };
		04066C8E25D3D95000FA5E64 /* Preview Assets.xcassets */ = {isa = PBXFileReference; lastKnownFileType = folder.assetcatalog; path = "Preview Assets.xcassets"; sourceTree = "<group>"; };
		04066C9025D3D95000FA5E64 /* Info.plist */ = {isa = PBXFileReference; lastKnownFileType = text.plist.xml; path = Info.plist; sourceTree = "<group>"; };
		04066C9525D3D95000FA5E64 /* recipeTests.xctest */ = {isa = PBXFileReference; explicitFileType = wrapper.cfbundle; includeInIndex = 0; path = recipeTests.xctest; sourceTree = BUILT_PRODUCTS_DIR; };
		04066C9925D3D95000FA5E64 /* recipeTests.swift */ = {isa = PBXFileReference; lastKnownFileType = sourcecode.swift; path = recipeTests.swift; sourceTree = "<group>"; };
		04066C9B25D3D95000FA5E64 /* Info.plist */ = {isa = PBXFileReference; lastKnownFileType = text.plist.xml; path = Info.plist; sourceTree = "<group>"; };
		04066CA025D3D95000FA5E64 /* recipeUITests.xctest */ = {isa = PBXFileReference; explicitFileType = wrapper.cfbundle; includeInIndex = 0; path = recipeUITests.xctest; sourceTree = BUILT_PRODUCTS_DIR; };
		04066CA425D3D95000FA5E64 /* recipeUITests.swift */ = {isa = PBXFileReference; lastKnownFileType = sourcecode.swift; path = recipeUITests.swift; sourceTree = "<group>"; };
		04066CA625D3D95000FA5E64 /* Info.plist */ = {isa = PBXFileReference; lastKnownFileType = text.plist.xml; path = Info.plist; sourceTree = "<group>"; };
/* End PBXFileReference section */

/* Begin PBXFrameworksBuildPhase section */
		04066C8125D3D94F00FA5E64 /* Frameworks */ = {
			isa = PBXFrameworksBuildPhase;
			buildActionMask = 2147483647;
			files = (
			);
			runOnlyForDeploymentPostprocessing = 0;
		};
		04066C9225D3D95000FA5E64 /* Frameworks */ = {
			isa = PBXFrameworksBuildPhase;
			buildActionMask = 2147483647;
			files = (
			);
			runOnlyForDeploymentPostprocessing = 0;
		};
		04066C9D25D3D95000FA5E64 /* Frameworks */ = {
			isa = PBXFrameworksBuildPhase;
			buildActionMask = 2147483647;
			files = (
			);
			runOnlyForDeploymentPostprocessing = 0;
		};
/* End PBXFrameworksBuildPhase section */

/* Begin PBXGroup section */
		04066C7B25D3D94F00FA5E64 = {
			isa = PBXGroup;
			children = (
				04066C8625D3D94F00FA5E64 /* recipe */,
				04066C9825D3D95000FA5E64 /* recipeTests */,
				04066CA325D3D95000FA5E64 /* recipeUITests */,
				04066C8525D3D94F00FA5E64 /* Products */,
			);
			sourceTree = "<group>";
		};
		04066C8525D3D94F00FA5E64 /* Products */ = {
			isa = PBXGroup;
			children = (
				04066C8425D3D94F00FA5E64 /* recipe.app */,
				04066C9525D3D95000FA5E64 /* recipeTests.xctest */,
				04066CA025D3D95000FA5E64 /* recipeUITests.xctest */,
			);
			name = Products;
			sourceTree = "<group>";
		};
		04066C8625D3D94F00FA5E64 /* recipe */ = {
			isa = PBXGroup;
			children = (
				04066C8725D3D94F00FA5E64 /* recipeApp.swift */,
				04066C8925D3D94F00FA5E64 /* ContentView.swift */,
				04066C8B25D3D95000FA5E64 /* Assets.xcassets */,
				04066C9025D3D95000FA5E64 /* Info.plist */,
				04066C8D25D3D95000FA5E64 /* Preview Content */,
			);
			path = recipe;
			sourceTree = "<group>";
		};
		04066C8D25D3D95000FA5E64 /* Preview Content */ = {
			isa = PBXGroup;
			children = (
				04066C8E25D3D95000FA5E64 /* Preview Assets.xcassets */,
			);
			path = "Preview Content";
			sourceTree = "<group>";
		};
		04066C9825D3D95000FA5E64 /* recipeTests */ = {
			isa = PBXGroup;
			children = (
				04066C9925D3D95000FA5E64 /* recipeTests.swift */,
				04066C9B25D3D95000FA5E64 /* Info.plist */,
			);
			path = recipeTests;
			sourceTree = "<group>";
		};
		04066CA325D3D95000FA5E64 /* recipeUITests */ = {
			isa = PBXGroup;
			children = (
				04066CA425D3D95000FA5E64 /* recipeUITests.swift */,
				04066CA625D3D95000FA5E64 /* Info.plist */,
			);
			path = recipeUITests;
			sourceTree = "<group>";
		};
/* End PBXGroup section */

/* Begin PBXNativeTarget section */
		04066C8325D3D94F00FA5E64 /* recipe */ = {
			isa = PBXNativeTarget;
			buildConfigurationList = 04066CA925D3D95000FA5E64 /* Build configuration list for PBXNativeTarget "recipe" */;
			buildPhases = (
				04066C8025D3D94F00FA5E64 /* Sources */,
				04066C8125D3D94F00FA5E64 /* Frameworks */,
				04066C8225D3D94F00FA5E64 /* Resources */,
			);
			buildRules = (
			);
			dependencies = (
			);
			name = recipe;
			productName = recipe;
			productReference = 04066C8425D3D94F00FA5E64 /* recipe.app */;
			productType = "com.apple.product-type.application";
		};
		04066C9425D3D95000FA5E64 /* recipeTests */ = {
			isa = PBXNativeTarget;
			buildConfigurationList = 04066CAC25D3D95000FA5E64 /* Build configuration list for PBXNativeTarget "recipeTests" */;
			buildPhases = (
				04066C9125D3D95000FA5E64 /* Sources */,
				04066C9225D3D95000FA5E64 /* Frameworks */,
				04066C9325D3D95000FA5E64 /* Resources */,
			);
			buildRules = (
			);
			dependencies = (
				04066C9725D3D95000FA5E64 /* PBXTargetDependency */,
			);
			name = recipeTests;
			productName = recipeTests;
			productReference = 04066C9525D3D95000FA5E64 /* recipeTests.xctest */;
			productType = "com.apple.product-type.bundle.unit-test";
		};
		04066C9F25D3D95000FA5E64 /* recipeUITests */ = {
			isa = PBXNativeTarget;
			buildConfigurationList = 04066CAF25D3D95000FA5E64 /* Build configuration list for PBXNativeTarget "recipeUITests" */;
			buildPhases = (
				04066C9C25D3D95000FA5E64 /* Sources */,
				04066C9D25D3D95000FA5E64 /* Frameworks */,
				04066C9E25D3D95000FA5E64 /* Resources */,
			);
			buildRules = (
			);
			dependencies = (
				04066CA225D3D95000FA5E64 /* PBXTargetDependency */,
			);
			name = recipeUITests;
			productName = recipeUITests;
			productReference = 04066CA025D3D95000FA5E64 /* recipeUITests.xctest */;
			productType = "com.apple.product-type.bundle.ui-testing";
		};
/* End PBXNativeTarget section */

/* Begin PBXProject section */
		04066C7C25D3D94F00FA5E64 /* Project object */ = {
			isa = PBXProject;
			attributes = {
				LastSwiftUpdateCheck = 1240;
				LastUpgradeCheck = 1240;
				TargetAttributes = {
					04066C8325D3D94F00FA5E64 = {
						CreatedOnToolsVersion = 12.4;
					};
					04066C9425D3D95000FA5E64 = {
						CreatedOnToolsVersion = 12.4;
						TestTargetID = 04066C8325D3D94F00FA5E64;
					};
					04066C9F25D3D95000FA5E64 = {
						CreatedOnToolsVersion = 12.4;
						TestTargetID = 04066C8325D3D94F00FA5E64;
					};
				};
			};
			buildConfigurationList = 04066C7F25D3D94F00FA5E64 /* Build configuration list for PBXProject "recipe" */;
			compatibilityVersion = "Xcode 9.3";
			developmentRegion = en;
			hasScannedForEncodings = 0;
			knownRegions = (
				en,
				Base,
			);
			mainGroup = 04066C7B25D3D94F00FA5E64;
			productRefGroup = 04066C8525D3D94F00FA5E64 /* Products */;
			projectDirPath = "";
			projectRoot = "";
			targets = (
				04066C8325D3D94F00FA5E64 /* recipe */,
				04066C9425D3D95000FA5E64 /* recipeTests */,
				04066C9F25D3D95000FA5E64 /* recipeUITests */,
			);
		};
/* End PBXProject section */

/* Begin PBXResourcesBuildPhase section */
		04066C8225D3D94F00FA5E64 /* Resources */ = {
			isa = PBXResourcesBuildPhase;
			buildActionMask = 2147483647;
			files = (
				04066C8F25D3D95000FA5E64 /* Preview Assets.xcassets in Resources */,
				04066C8C25D3D95000FA5E64 /* Assets.xcassets in Resources */,
			);
			runOnlyForDeploymentPostprocessing = 0;
		};
		04066C9325D3D95000FA5E64 /* Resources */ = {
			isa = PBXResourcesBuildPhase;
			buildActionMask = 2147483647;
			files = (
			);
			runOnlyForDeploymentPostprocessing = 0;
		};
		04066C9E25D3D95000FA5E64 /* Resources */ = {
			isa = PBXResourcesBuildPhase;
			buildActionMask = 2147483647;
			files = (
			);
			runOnlyForDeploymentPostprocessing = 0;
		};
/* End PBXResourcesBuildPhase section */

/* Begin PBXSourcesBuildPhase section */
		04066C8025D3D94F00FA5E64 /* Sources */ = {
			isa = PBXSourcesBuildPhase;
			buildActionMask = 2147483647;
			files = (
				04066C8A25D3D94F00FA5E64 /* ContentView.swift in Sources */,
				04066C8825D3D94F00FA5E64 /* recipeApp.swift in Sources */,
			);
			runOnlyForDeploymentPostprocessing = 0;
		};
		04066C9125D3D95000FA5E64 /* Sources */ = {
			isa = PBXSourcesBuildPhase;
			buildActionMask = 2147483647;
			files = (
				04066C9A25D3D95000FA5E64 /* recipeTests.swift in Sources */,
			);
			runOnlyForDeploymentPostprocessing = 0;
		};
		04066C9C25D3D95000FA5E64 /* Sources */ = {
			isa = PBXSourcesBuildPhase;
			buildActionMask = 2147483647;
			files = (
				04066CA525D3D95000FA5E64 /* recipeUITests.swift in Sources */,
			);
			runOnlyForDeploymentPostprocessing = 0;
		};
/* End PBXSourcesBuildPhase section */

/* Begin PBXTargetDependency section */
		04066C9725D3D95000FA5E64 /* PBXTargetDependency */ = {
			isa = PBXTargetDependency;
			target = 04066C8325D3D94F00FA5E64 /* recipe */;
			targetProxy = 04066C9625D3D95000FA5E64 /* PBXContainerItemProxy */;
		};
		04066CA225D3D95000FA5E64 /* PBXTargetDependency */ = {
			isa = PBXTargetDependency;
			target = 04066C8325D3D94F00FA5E64 /* recipe */;
			targetProxy = 04066CA125D3D95000FA5E64 /* PBXContainerItemProxy */;
		};
/* End PBXTargetDependency section */

/* Begin XCBuildConfiguration section */
		04066CA725D3D95000FA5E64 /* Debug */ = {
			isa = XCBuildConfiguration;
			buildSettings = {
				ALWAYS_SEARCH_USER_PATHS = NO;
				CLANG_ANALYZER_NONNULL = YES;
				CLANG_ANALYZER_NUMBER_OBJECT_CONVERSION = YES_AGGRESSIVE;
				CLANG_CXX_LANGUAGE_STANDARD = "gnu++14";
				CLANG_CXX_LIBRARY = "libc++";
				CLANG_ENABLE_MODULES = YES;
				CLANG_ENABLE_OBJC_ARC = YES;
				CLANG_ENABLE_OBJC_WEAK = YES;
				CLANG_WARN_BLOCK_CAPTURE_AUTORELEASING = YES;
				CLANG_WARN_BOOL_CONVERSION = YES;
				CLANG_WARN_COMMA = YES;
				CLANG_WARN_CONSTANT_CONVERSION = YES;
				CLANG_WARN_DEPRECATED_OBJC_IMPLEMENTATIONS = YES;
				CLANG_WARN_DIRECT_OBJC_ISA_USAGE = YES_ERROR;
				CLANG_WARN_DOCUMENTATION_COMMENTS = YES;
				CLANG_WARN_EMPTY_BODY = YES;
				CLANG_WARN_ENUM_CONVERSION = YES;
				CLANG_WARN_INFINITE_RECURSION = YES;
				CLANG_WARN_INT_CONVERSION = YES;
				CLANG_WARN_NON_LITERAL_NULL_CONVERSION = YES;
				CLANG_WARN_OBJC_IMPLICIT_RETAIN_SELF = YES;
				CLANG_WARN_OBJC_LITERAL_CONVERSION = YES;
				CLANG_WARN_OBJC_ROOT_CLASS = YES_ERROR;
				CLANG_WARN_QUOTED_INCLUDE_IN_FRAMEWORK_HEADER = YES;
				CLANG_WARN_RANGE_LOOP_ANALYSIS = YES;
				CLANG_WARN_STRICT_PROTOTYPES = YES;
				CLANG_WARN_SUSPICIOUS_MOVE = YES;
				CLANG_WARN_UNGUARDED_AVAILABILITY = YES_AGGRESSIVE;
				CLANG_WARN_UNREACHABLE_CODE = YES;
				CLANG_WARN__DUPLICATE_METHOD_MATCH = YES;
				COPY_PHASE_STRIP = NO;
				DEBUG_INFORMATION_FORMAT = dwarf;
				ENABLE_STRICT_OBJC_MSGSEND = YES;
				ENABLE_TESTABILITY = YES;
				GCC_C_LANGUAGE_STANDARD = gnu11;
				GCC_DYNAMIC_NO_PIC = NO;
				GCC_NO_COMMON_BLOCKS = YES;
				GCC_OPTIMIZATION_LEVEL = 0;
				GCC_PREPROCESSOR_DEFINITIONS = (
					"DEBUG=1",
					"$(inherited)",
				);
				GCC_WARN_64_TO_32_BIT_CONVERSION = YES;
				GCC_WARN_ABOUT_RETURN_TYPE = YES_ERROR;
				GCC_WARN_UNDECLARED_SELECTOR = YES;
				GCC_WARN_UNINITIALIZED_AUTOS = YES_AGGRESSIVE;
				GCC_WARN_UNUSED_FUNCTION = YES;
				GCC_WARN_UNUSED_VARIABLE = YES;
				IPHONEOS_DEPLOYMENT_TARGET = 14.4;
				MTL_ENABLE_DEBUG_INFO = INCLUDE_SOURCE;
				MTL_FAST_MATH = YES;
				ONLY_ACTIVE_ARCH = YES;
				SDKROOT = iphoneos;
				SWIFT_ACTIVE_COMPILATION_CONDITIONS = DEBUG;
				SWIFT_OPTIMIZATION_LEVEL = "-Onone";
			};
			name = Debug;
		};
		04066CA825D3D95000FA5E64 /* Release */ = {
			isa = XCBuildConfiguration;
			buildSettings = {
				ALWAYS_SEARCH_USER_PATHS = NO;
				CLANG_ANALYZER_NONNULL = YES;
				CLANG_ANALYZER_NUMBER_OBJECT_CONVERSION = YES_AGGRESSIVE;
				CLANG_CXX_LANGUAGE_STANDARD = "gnu++14";
				CLANG_CXX_LIBRARY = "libc++";
				CLANG_ENABLE_MODULES = YES;
				CLANG_ENABLE_OBJC_ARC = YES;
				CLANG_ENABLE_OBJC_WEAK = YES;
				CLANG_WARN_BLOCK_CAPTURE_AUTORELEASING = YES;
				CLANG_WARN_BOOL_CONVERSION = YES;
				CLANG_WARN_COMMA = YES;
				CLANG_WARN_CONSTANT_CONVERSION = YES;
				CLANG_WARN_DEPRECATED_OBJC_IMPLEMENTATIONS = YES;
				CLANG_WARN_DIRECT_OBJC_ISA_USAGE = YES_ERROR;
				CLANG_WARN_DOCUMENTATION_COMMENTS = YES;
				CLANG_WARN_EMPTY_BODY = YES;
				CLANG_WARN_ENUM_CONVERSION = YES;
				CLANG_WARN_INFINITE_RECURSION = YES;
				CLANG_WARN_INT_CONVERSION = YES;
				CLANG_WARN_NON_LITERAL_NULL_CONVERSION = YES;
				CLANG_WARN_OBJC_IMPLICIT_RETAIN_SELF = YES;
				CLANG_WARN_OBJC_LITERAL_CONVERSION = YES;
				CLANG_WARN_OBJC_ROOT_CLASS = YES_ERROR;
				CLANG_WARN_QUOTED_INCLUDE_IN_FRAMEWORK_HEADER = YES;
				CLANG_WARN_RANGE_LOOP_ANALYSIS = YES;
				CLANG_WARN_STRICT_PROTOTYPES = YES;
				CLANG_WARN_SUSPICIOUS_MOVE = YES;
				CLANG_WARN_UNGUARDED_AVAILABILITY = YES_AGGRESSIVE;
				CLANG_WARN_UNREACHABLE_CODE = YES;
				CLANG_WARN__DUPLICATE_METHOD_MATCH = YES;
				COPY_PHASE_STRIP = NO;
				DEBUG_INFORMATION_FORMAT = "dwarf-with-dsym";
				ENABLE_NS_ASSERTIONS = NO;
				ENABLE_STRICT_OBJC_MSGSEND = YES;
				GCC_C_LANGUAGE_STANDARD = gnu11;
				GCC_NO_COMMON_BLOCKS = YES;
				GCC_WARN_64_TO_32_BIT_CONVERSION = YES;
				GCC_WARN_ABOUT_RETURN_TYPE = YES_ERROR;
				GCC_WARN_UNDECLARED_SELECTOR = YES;
				GCC_WARN_UNINITIALIZED_AUTOS = YES_AGGRESSIVE;
				GCC_WARN_UNUSED_FUNCTION = YES;
				GCC_WARN_UNUSED_VARIABLE = YES;
				IPHONEOS_DEPLOYMENT_TARGET = 14.4;
				MTL_ENABLE_DEBUG_INFO = NO;
				MTL_FAST_MATH = YES;
				SDKROOT = iphoneos;
				SWIFT_COMPILATION_MODE = wholemodule;
				SWIFT_OPTIMIZATION_LEVEL = "-O";
				VALIDATE_PRODUCT = YES;
			};
			name = Release;
		};
		04066CAA25D3D95000FA5E64 /* Debug */ = {
			isa = XCBuildConfiguration;
			buildSettings = {
				ASSETCATALOG_COMPILER_APPICON_NAME = AppIcon;
				ASSETCATALOG_COMPILER_GLOBAL_ACCENT_COLOR_NAME = AccentColor;
				CODE_SIGN_STYLE = Automatic;
				DEVELOPMENT_ASSET_PATHS = "\"recipe/Preview Content\"";
				ENABLE_PREVIEWS = YES;
				INFOPLIST_FILE = recipe/Info.plist;
				IPHONEOS_DEPLOYMENT_TARGET = 14.0;
				LD_RUNPATH_SEARCH_PATHS = (
					"$(inherited)",
					"@executable_path/Frameworks",
				);
				PRODUCT_BUNDLE_IDENTIFIER = self.recipe;
				PRODUCT_NAME = "$(TARGET_NAME)";
				SWIFT_VERSION = 5.0;
				TARGETED_DEVICE_FAMILY = "1,2";
			};
			name = Debug;
		};
		04066CAB25D3D95000FA5E64 /* Release */ = {
			isa = XCBuildConfiguration;
			buildSettings = {
				ASSETCATALOG_COMPILER_APPICON_NAME = AppIcon;
				ASSETCATALOG_COMPILER_GLOBAL_ACCENT_COLOR_NAME = AccentColor;
				CODE_SIGN_STYLE = Automatic;
				DEVELOPMENT_ASSET_PATHS = "\"recipe/Preview Content\"";
				ENABLE_PREVIEWS = YES;
				INFOPLIST_FILE = recipe/Info.plist;
				IPHONEOS_DEPLOYMENT_TARGET = 14.0;
				LD_RUNPATH_SEARCH_PATHS = (
					"$(inherited)",
					"@executable_path/Frameworks",
				);
				PRODUCT_BUNDLE_IDENTIFIER = self.recipe;
				PRODUCT_NAME = "$(TARGET_NAME)";
				SWIFT_VERSION = 5.0;
				TARGETED_DEVICE_FAMILY = "1,2";
			};
			name = Release;
		};
		04066CAD25D3D95000FA5E64 /* Debug */ = {
			isa = XCBuildConfiguration;
			buildSettings = {
				ALWAYS_EMBED_SWIFT_STANDARD_LIBRARIES = YES;
				BUNDLE_LOADER = "$(TEST_HOST)";
				CODE_SIGN_STYLE = Automatic;
				INFOPLIST_FILE = recipeTests/Info.plist;
				IPHONEOS_DEPLOYMENT_TARGET = 14.0;
				LD_RUNPATH_SEARCH_PATHS = (
					"$(inherited)",
					"@executable_path/Frameworks",
					"@loader_path/Frameworks",
				);
				PRODUCT_BUNDLE_IDENTIFIER = self.recipeTests;
				PRODUCT_NAME = "$(TARGET_NAME)";
				SWIFT_VERSION = 5.0;
				TARGETED_DEVICE_FAMILY = "1,2";
				TEST_HOST = "$(BUILT_PRODUCTS_DIR)/recipe.app/recipe";
			};
			name = Debug;
		};
		04066CAE25D3D95000FA5E64 /* Release */ = {
			isa = XCBuildConfiguration;
			buildSettings = {
				ALWAYS_EMBED_SWIFT_STANDARD_LIBRARIES = YES;
				BUNDLE_LOADER = "$(TEST_HOST)";
				CODE_SIGN_STYLE = Automatic;
				INFOPLIST_FILE = recipeTests/Info.plist;
				IPHONEOS_DEPLOYMENT_TARGET = 14.0;
				LD_RUNPATH_SEARCH_PATHS = (
					"$(inherited)",
					"@executable_path/Frameworks",
					"@loader_path/Frameworks",
				);
				PRODUCT_BUNDLE_IDENTIFIER = self.recipeTests;
				PRODUCT_NAME = "$(TARGET_NAME)";
				SWIFT_VERSION = 5.0;
				TARGETED_DEVICE_FAMILY = "1,2";
				TEST_HOST = "$(BUILT_PRODUCTS_DIR)/recipe.app/recipe";
			};
			name = Release;
		};
		04066CB025D3D95000FA5E64 /* Debug */ = {
			isa = XCBuildConfiguration;
			buildSettings = {
				ALWAYS_EMBED_SWIFT_STANDARD_LIBRARIES = YES;
				CODE_SIGN_STYLE = Automatic;
				INFOPLIST_FILE = recipeUITests/Info.plist;
				LD_RUNPATH_SEARCH_PATHS = (
					"$(inherited)",
					"@executable_path/Frameworks",
					"@loader_path/Frameworks",
				);
				PRODUCT_BUNDLE_IDENTIFIER = self.recipeUITests;
				PRODUCT_NAME = "$(TARGET_NAME)";
				SWIFT_VERSION = 5.0;
				TARGETED_DEVICE_FAMILY = "1,2";
				TEST_TARGET_NAME = recipe;
			};
			name = Debug;
		};
		04066CB125D3D95000FA5E64 /* Release */ = {
			isa = XCBuildConfiguration;
			buildSettings = {
				ALWAYS_EMBED_SWIFT_STANDARD_LIBRARIES = YES;
				CODE_SIGN_STYLE = Automatic;
				INFOPLIST_FILE = recipeUITests/Info.plist;
				LD_RUNPATH_SEARCH_PATHS = (
					"$(inherited)",
					"@executable_path/Frameworks",
					"@loader_path/Frameworks",
				);
				PRODUCT_BUNDLE_IDENTIFIER = self.recipeUITests;
				PRODUCT_NAME = "$(TARGET_NAME)";
				SWIFT_VERSION = 5.0;
				TARGETED_DEVICE_FAMILY = "1,2";
				TEST_TARGET_NAME = recipe;
			};
			name = Release;
		};
/* End XCBuildConfiguration section */

/* Begin XCConfigurationList section */
		04066C7F25D3D94F00FA5E64 /* Build configuration list for PBXProject "recipe" */ = {
			isa = XCConfigurationList;
			buildConfigurations = (
				04066CA725D3D95000FA5E64 /* Debug */,
				04066CA825D3D95000FA5E64 /* Release */,
			);
			defaultConfigurationIsVisible = 0;
			defaultConfigurationName = Release;
		};
		04066CA925D3D95000FA5E64 /* Build configuration list for PBXNativeTarget "recipe" */ = {
			isa = XCConfigurationList;
			buildConfigurations = (
				04066CAA25D3D95000FA5E64 /* Debug */,
				04066CAB25D3D95000FA5E64 /* Release */,
			);
			defaultConfigurationIsVisible = 0;
			defaultConfigurationName = Release;
		};
		04066CAC25D3D95000FA5E64 /* Build configuration list for PBXNativeTarget "recipeTests" */ = {
			isa = XCConfigurationList;
			buildConfigurations = (
				04066CAD25D3D95000FA5E64 /* Debug */,
				04066CAE25D3D95000FA5E64 /* Release */,
			);
			defaultConfigurationIsVisible = 0;
			defaultConfigurationName = Release;
		};
		04066CAF25D3D95000FA5E64 /* Build configuration list for PBXNativeTarget "recipeUITests" */ = {
			isa = XCConfigurationList;
			buildConfigurations = (
				04066CB025D3D95000FA5E64 /* Debug */,
				04066CB125D3D95000FA5E64 /* Release */,
			);
			defaultConfigurationIsVisible = 0;
			defaultConfigurationName = Release;
		};
/* End XCConfigurationList section */
	};
	rootObject = 04066C7C25D3D94F00FA5E64 /* Project object */;
}
